// !$*UTF8*$!
{
	archiveVersion = 1;
	classes = {
	};
	objectVersion = 46;
	objects = {

/* Begin PBXBuildFile section */
		50CC818B1F43035D00B32DD1 /* AppDelegate.swift in Sources */ = {isa = PBXBuildFile; fileRef = 50CC818A1F43035D00B32DD1 /* AppDelegate.swift */; };
		50CC818D1F43035D00B32DD1 /* ViewController.swift in Sources */ = {isa = PBXBuildFile; fileRef = 50CC818C1F43035D00B32DD1 /* ViewController.swift */; };
		50CC81901F43035D00B32DD1 /* Main.storyboard in Resources */ = {isa = PBXBuildFile; fileRef = 50CC818E1F43035D00B32DD1 /* Main.storyboard */; };
		50CC81921F43035D00B32DD1 /* Assets.xcassets in Resources */ = {isa = PBXBuildFile; fileRef = 50CC81911F43035D00B32DD1 /* Assets.xcassets */; };
		50CC81951F43035D00B32DD1 /* LaunchScreen.storyboard in Resources */ = {isa = PBXBuildFile; fileRef = 50CC81931F43035D00B32DD1 /* LaunchScreen.storyboard */; };
		50CC819D1F431FD400B32DD1 /* CustomCell.swift in Sources */ = {isa = PBXBuildFile; fileRef = 50CC819C1F431FD400B32DD1 /* CustomCell.swift */; };
		50CC819F1F43244100B32DD1 /* images.jpeg in Resources */ = {isa = PBXBuildFile; fileRef = 50CC819E1F43244000B32DD1 /* images.jpeg */; };
		50CC81A51F43634800B32DD1 /* FlickrHelper.swift in Sources */ = {isa = PBXBuildFile; fileRef = 50CC81A41F43634800B32DD1 /* FlickrHelper.swift */; };
/* End PBXBuildFile section */

/* Begin PBXFileReference section */
		50CC81871F43035D00B32DD1 /* Test.app */ = {isa = PBXFileReference; explicitFileType = wrapper.application; includeInIndex = 0; path = Test.app; sourceTree = BUILT_PRODUCTS_DIR; };
		50CC818A1F43035D00B32DD1 /* AppDelegate.swift */ = {isa = PBXFileReference; lastKnownFileType = sourcecode.swift; path = AppDelegate.swift; sourceTree = "<group>"; };
		50CC818C1F43035D00B32DD1 /* ViewController.swift */ = {isa = PBXFileReference; lastKnownFileType = sourcecode.swift; path = ViewController.swift; sourceTree = "<group>"; };
		50CC818F1F43035D00B32DD1 /* Base */ = {isa = PBXFileReference; lastKnownFileType = file.storyboard; name = Base; path = Base.lproj/Main.storyboard; sourceTree = "<group>"; };
		50CC81911F43035D00B32DD1 /* Assets.xcassets */ = {isa = PBXFileReference; lastKnownFileType = folder.assetcatalog; path = Assets.xcassets; sourceTree = "<group>"; };
		50CC81941F43035D00B32DD1 /* Base */ = {isa = PBXFileReference; lastKnownFileType = file.storyboard; name = Base; path = Base.lproj/LaunchScreen.storyboard; sourceTree = "<group>"; };
		50CC81961F43035D00B32DD1 /* Info.plist */ = {isa = PBXFileReference; lastKnownFileType = text.plist.xml; path = Info.plist; sourceTree = "<group>"; };
		50CC819C1F431FD400B32DD1 /* CustomCell.swift */ = {isa = PBXFileReference; fileEncoding = 4; lastKnownFileType = sourcecode.swift; path = CustomCell.swift; sourceTree = "<group>"; };
		50CC819E1F43244000B32DD1 /* images.jpeg */ = {isa = PBXFileReference; lastKnownFileType = image.jpeg; name = images.jpeg; path = ../../../Downloads/images.jpeg; sourceTree = "<group>"; };
		50CC81A41F43634800B32DD1 /* FlickrHelper.swift */ = {isa = PBXFileReference; fileEncoding = 4; lastKnownFileType = sourcecode.swift; path = FlickrHelper.swift; sourceTree = "<group>"; };
/* End PBXFileReference section */

/* Begin PBXFrameworksBuildPhase section */
		50CC81841F43035C00B32DD1 /* Frameworks */ = {
			isa = PBXFrameworksBuildPhase;
			buildActionMask = 2147483647;
			files = (
			);
			runOnlyForDeploymentPostprocessing = 0;
		};
/* End PBXFrameworksBuildPhase section */

/* Begin PBXGroup section */
		50CC817E1F43035C00B32DD1 = {
			isa = PBXGroup;
			children = (
				50CC81891F43035D00B32DD1 /* Test */,
				50CC81881F43035D00B32DD1 /* Products */,
			);
			sourceTree = "<group>";
		};
		50CC81881F43035D00B32DD1 /* Products */ = {
			isa = PBXGroup;
			children = (
				50CC81871F43035D00B32DD1 /* Test.app */,
			);
			name = Products;
			sourceTree = "<group>";
		};
		50CC81891F43035D00B32DD1 /* Test */ = {
			isa = PBXGroup;
			children = (
				50CC819E1F43244000B32DD1 /* images.jpeg */,
				50CC818A1F43035D00B32DD1 /* AppDelegate.swift */,
				50CC818C1F43035D00B32DD1 /* ViewController.swift */,
				50CC81A41F43634800B32DD1 /* FlickrHelper.swift */,
				50CC818E1F43035D00B32DD1 /* Main.storyboard */,
				50CC81911F43035D00B32DD1 /* Assets.xcassets */,
				50CC81931F43035D00B32DD1 /* LaunchScreen.storyboard */,
				50CC81961F43035D00B32DD1 /* Info.plist */,
				50CC819C1F431FD400B32DD1 /* CustomCell.swift */,
			);
			path = Test;
			sourceTree = "<group>";
		};
/* End PBXGroup section */

/* Begin PBXNativeTarget section */
		50CC81861F43035C00B32DD1 /* Test */ = {
			isa = PBXNativeTarget;
			buildConfigurationList = 50CC81991F43035D00B32DD1 /* Build configuration list for PBXNativeTarget "Test" */;
			buildPhases = (
				50CC81831F43035C00B32DD1 /* Sources */,
				50CC81841F43035C00B32DD1 /* Frameworks */,
				50CC81851F43035C00B32DD1 /* Resources */,
			);
			buildRules = (
			);
			dependencies = (
			);
			name = Test;
			productName = Test;
			productReference = 50CC81871F43035D00B32DD1 /* Test.app */;
			productType = "com.apple.product-type.application";
		};
/* End PBXNativeTarget section */

/* Begin PBXProject section */
		50CC817F1F43035C00B32DD1 /* Project object */ = {
			isa = PBXProject;
			attributes = {
				LastSwiftUpdateCheck = 0830;
				LastUpgradeCheck = 0830;
				ORGANIZATIONNAME = Bathanti;
				TargetAttributes = {
					50CC81861F43035C00B32DD1 = {
						CreatedOnToolsVersion = 8.3.3;
						ProvisioningStyle = Automatic;
					};
				};
			};
			buildConfigurationList = 50CC81821F43035C00B32DD1 /* Build configuration list for PBXProject "Test" */;
			compatibilityVersion = "Xcode 3.2";
			developmentRegion = English;
			hasScannedForEncodings = 0;
			knownRegions = (
				en,
				Base,
			);
			mainGroup = 50CC817E1F43035C00B32DD1;
			productRefGroup = 50CC81881F43035D00B32DD1 /* Products */;
			projectDirPath = "";
			projectRoot = "";
			targets = (
				50CC81861F43035C00B32DD1 /* Test */,
			);
		};
/* End PBXProject section */

/* Begin PBXResourcesBuildPhase section */
		50CC81851F43035C00B32DD1 /* Resources */ = {
			isa = PBXResourcesBuildPhase;
			buildActionMask = 2147483647;
			files = (
				50CC81951F43035D00B32DD1 /* LaunchScreen.storyboard in Resources */,
				50CC819F1F43244100B32DD1 /* images.jpeg in Resources */,
				50CC81921F43035D00B32DD1 /* Assets.xcassets in Resources */,
				50CC81901F43035D00B32DD1 /* Main.storyboard in Resources */,
			);
			runOnlyForDeploymentPostprocessing = 0;
		};
/* End PBXResourcesBuildPhase section */

/* Begin PBXSourcesBuildPhase section */
		50CC81831F43035C00B32DD1 /* Sources */ = {
			isa = PBXSourcesBuildPhase;
			buildActionMask = 2147483647;
			files = (
				50CC81A51F43634800B32DD1 /* FlickrHelper.swift in Sources */,
				50CC818D1F43035D00B32DD1 /* ViewController.swift in Sources */,
				50CC819D1F431FD400B32DD1 /* CustomCell.swift in Sources */,
				50CC818B1F43035D00B32DD1 /* AppDelegate.swift in Sources */,
			);
			runOnlyForDeploymentPostprocessing = 0;
		};
/* End PBXSourcesBuildPhase section */

/* Begin PBXVariantGroup section */
		50CC818E1F43035D00B32DD1 /* Main.storyboard */ = {
			isa = PBXVariantGroup;
			children = (
				50CC818F1F43035D00B32DD1 /* Base */,
			);
			name = Main.storyboard;
			sourceTree = "<group>";
		};
		50CC81931F43035D00B32DD1 /* LaunchScreen.storyboard */ = {
			isa = PBXVariantGroup;
			children = (
				50CC81941F43035D00B32DD1 /* Base */,
			);
			name = LaunchScreen.storyboard;
			sourceTree = "<group>";
		};
/* End PBXVariantGroup section */

/* Begin XCBuildConfiguration section */
		50CC81971F43035D00B32DD1 /* Debug */ = {
			isa = XCBuildConfiguration;
			buildSettings = {
				ALWAYS_SEARCH_USER_PATHS = NO;
				CLANG_ANALYZER_NONNULL = YES;
				CLANG_ANALYZER_NUMBER_OBJECT_CONVERSION = YES_AGGRESSIVE;
				CLANG_CXX_LANGUAGE_STANDARD = "gnu++0x";
				CLANG_CXX_LIBRARY = "libc++";
				CLANG_ENABLE_MODULES = YES;
				CLANG_ENABLE_OBJC_ARC = YES;
				CLANG_WARN_BOOL_CONVERSION = YES;
				CLANG_WARN_CONSTANT_CONVERSION = YES;
				CLANG_WARN_DIRECT_OBJC_ISA_USAGE = YES_ERROR;
				CLANG_WARN_DOCUMENTATION_COMMENTS = YES;
				CLANG_WARN_EMPTY_BODY = YES;
				CLANG_WARN_ENUM_CONVERSION = YES;
				CLANG_WARN_INFINITE_RECURSION = YES;
				CLANG_WARN_INT_CONVERSION = YES;
				CLANG_WARN_OBJC_ROOT_CLASS = YES_ERROR;
				CLANG_WARN_SUSPICIOUS_MOVE = YES;
				CLANG_WARN_UNREACHABLE_CODE = YES;
				CLANG_WARN__DUPLICATE_METHOD_MATCH = YES;
				"CODE_SIGN_IDENTITY[sdk=iphoneos*]" = "iPhone Developer";
				COPY_PHASE_STRIP = NO;
				DEBUG_INFORMATION_FORMAT = dwarf;
				ENABLE_STRICT_OBJC_MSGSEND = YES;
				ENABLE_TESTABILITY = YES;
				GCC_C_LANGUAGE_STANDARD = gnu99;
				GCC_DYNAMIC_NO_PIC = NO;
				GCC_NO_COMMON_BLOCKS = YES;
				GCC_OPTIMIZATION_LEVEL = 0;
				GCC_PREPROCESSOR_DEFINITIONS = (
					"DEBUG=1",
					"$(inherited)",
				);
				GCC_WARN_64_TO_32_BIT_CONVERSION = YES;
				GCC_WARN_ABOUT_RETURN_TYPE = YES_ERROR;
				GCC_WARN_UNDECLARED_SELECTOR = YES;
				GCC_WARN_UNINITIALIZED_AUTOS = YES_AGGRESSIVE;
				GCC_WARN_UNUSED_FUNCTION = YES;
				GCC_WARN_UNUSED_VARIABLE = YES;
				IPHONEOS_DEPLOYMENT_TARGET = 10.3;
				MTL_ENABLE_DEBUG_INFO = YES;
				ONLY_ACTIVE_ARCH = YES;
				SDKROOT = iphoneos;
				SWIFT_ACTIVE_COMPILATION_CONDITIONS = DEBUG;
				SWIFT_OPTIMIZATION_LEVEL = "-Onone";
				TARGETED_DEVICE_FAMILY = "1,2";
			};
			name = Debug;
		};
		50CC81981F43035D00B32DD1 /* Release */ = {
			isa = XCBuildConfiguration;
			buildSettings = {
				ALWAYS_SEARCH_USER_PATHS = NO;
				CLANG_ANALYZER_NONNULL = YES;
				CLANG_ANALYZER_NUMBER_OBJECT_CONVERSION = YES_AGGRESSIVE;
				CLANG_CXX_LANGUAGE_STANDARD = "gnu++0x";
				CLANG_CXX_LIBRARY = "libc++";
				CLANG_ENABLE_MODULES = YES;
				CLANG_ENABLE_OBJC_ARC = YES;
				CLANG_WARN_BOOL_CONVERSION = YES;
				CLANG_WARN_CONSTANT_CONVERSION = YES;
				CLANG_WARN_DIRECT_OBJC_ISA_USAGE = YES_ERROR;
				CLANG_WARN_DOCUMENTATION_COMMENTS = YES;
				CLANG_WARN_EMPTY_BODY = YES;
				CLANG_WARN_ENUM_CONVERSION = YES;
				CLANG_WARN_INFINITE_RECURSION = YES;
				CLANG_WARN_INT_CONVERSION = YES;
				CLANG_WARN_OBJC_ROOT_CLASS = YES_ERROR;
				CLANG_WARN_SUSPICIOUS_MOVE = YES;
				CLANG_WARN_UNREACHABLE_CODE = YES;
				CLANG_WARN__DUPLICATE_METHOD_MATCH = YES;
				"CODE_SIGN_IDENTITY[sdk=iphoneos*]" = "iPhone Developer";
				COPY_PHASE_STRIP = NO;
				DEBUG_INFORMATION_FORMAT = "dwarf-with-dsym";
				ENABLE_NS_ASSERTIONS = NO;
				ENABLE_STRICT_OBJC_MSGSEND = YES;
				GCC_C_LANGUAGE_STANDARD = gnu99;
				GCC_NO_COMMON_BLOCKS = YES;
				GCC_WARN_64_TO_32_BIT_CONVERSION = YES;
				GCC_WARN_ABOUT_RETURN_TYPE = YES_ERROR;
				GCC_WARN_UNDECLARED_SELECTOR = YES;
				GCC_WARN_UNINITIALIZED_AUTOS = YES_AGGRESSIVE;
				GCC_WARN_UNUSED_FUNCTION = YES;
				GCC_WARN_UNUSED_VARIABLE = YES;
				IPHONEOS_DEPLOYMENT_TARGET = 10.3;
				MTL_ENABLE_DEBUG_INFO = NO;
				SDKROOT = iphoneos;
				SWIFT_OPTIMIZATION_LEVEL = "-Owholemodule";
				TARGETED_DEVICE_FAMILY = "1,2";
				VALIDATE_PRODUCT = YES;
			};
			name = Release;
		};
		50CC819A1F43035D00B32DD1 /* Debug */ = {
			isa = XCBuildConfiguration;
			buildSettings = {
				ASSETCATALOG_COMPILER_APPICON_NAME = AppIcon;
				INFOPLIST_FILE = Test/Info.plist;
				LD_RUNPATH_SEARCH_PATHS = "$(inherited) @executable_path/Frameworks";
				PRODUCT_BUNDLE_IDENTIFIER = com.test.Test;
				PRODUCT_NAME = "$(TARGET_NAME)";
				SWIFT_VERSION = 3.0;
			};
			name = Debug;
		};
		50CC819B1F43035D00B32DD1 /* Release */ = {
			isa = XCBuildConfiguration;
			buildSettings = {
				ASSETCATALOG_COMPILER_APPICON_NAME = AppIcon;
				INFOPLIST_FILE = Test/Info.plist;
				LD_RUNPATH_SEARCH_PATHS = "$(inherited) @executable_path/Frameworks";
				PRODUCT_BUNDLE_IDENTIFIER = com.test.Test;
				PRODUCT_NAME = "$(TARGET_NAME)";
				SWIFT_VERSION = 3.0;
			};
			name = Release;
		};
/* End XCBuildConfiguration section */

/* Begin XCConfigurationList section */
		50CC81821F43035C00B32DD1 /* Build configuration list for PBXProject "Test" */ = {
			isa = XCConfigurationList;
			buildConfigurations = (
				50CC81971F43035D00B32DD1 /* Debug */,
				50CC81981F43035D00B32DD1 /* Release */,
			);
			defaultConfigurationIsVisible = 0;
			defaultConfigurationName = Release;
		};
		50CC81991F43035D00B32DD1 /* Build configuration list for PBXNativeTarget "Test" */ = {
			isa = XCConfigurationList;
			buildConfigurations = (
				50CC819A1F43035D00B32DD1 /* Debug */,
				50CC819B1F43035D00B32DD1 /* Release */,
			);
			defaultConfigurationIsVisible = 0;
			defaultConfigurationName = Release;
		};
/* End XCConfigurationList section */
	};
	rootObject = 50CC817F1F43035C00B32DD1 /* Project object */;
}
